
Microsoft Visual Studio Solution File, Format Version 12.00
# Visual Studio Version 16
VisualStudioVersion = 16.0.34031.81
MinimumVisualStudioVersion = 10.0.40219.1
Project("{2150E333-8FDC-42A3-9474-1A3956D46DE8}") = "Task0", "Task0", "{21551E73-12CB-4A4C-BFC8-C847B5BA2989}"
EndProject
Project("{FAE04EC0-301F-11D3-BF4B-00C04F79EFBC}") = "Tyuiu.KlokovIA.Sprint0.Task0.V0", "Tyuiu.KlokovIA.Sprint0.Task0.V0\Tyuiu.KlokovIA.Sprint0.Task0.V0.csproj", "{B7BCEF94-BD33-480F-A79A-6B2826D6A001}"
EndProject
Project("{2150E333-8FDC-42A3-9474-1A3956D46DE8}") = "Task1", "Task1", "{74FBB9E2-3A5E-4417-9760-CAAFCF3711E1}"
EndProject
Project("{FAE04EC0-301F-11D3-BF4B-00C04F79EFBC}") = "Tyuiu.KlokovIA.Sprint0.Task1.V0", "Tyuiu.KlokovIA.Sprint0.Task1.V0\Tyuiu.KlokovIA.Sprint0.Task1.V0.csproj", "{5ACE5E8A-C1BB-46CF-98AB-C2A0EF084F33}"
EndProject
Project("{2150E333-8FDC-42A3-9474-1A3956D46DE8}") = "Task2", "Task2", "{2D920E6C-469A-4E9B-B028-8BA9A3E21891}"
EndProject
Project("{FAE04EC0-301F-11D3-BF4B-00C04F79EFBC}") = "Tyuiu.KlokovIA.Sprint0.Task2.V0", "Tyuiu.KlokovIA.Sprint0.Task2.V0\Tyuiu.KlokovIA.Sprint0.Task2.V0.csproj", "{69FAEB65-3DB3-4607-8FAE-641C5B60B305}"
EndProject
Project("{FAE04EC0-301F-11D3-BF4B-00C04F79EFBC}") = "Tyuiu.KlokovIA.Sprint0.Task2.V0.Lib", "Tyuiu.KlokovIA.Sprint0.Task2.V0.Lib\Tyuiu.KlokovIA.Sprint0.Task2.V0.Lib.csproj", "{7119A7E9-48FE-4CC0-B994-3124D462AA1F}"
EndProject
Project("{FAE04EC0-301F-11D3-BF4B-00C04F79EFBC}") = "Tyuiu.KlokovIA.Sprin0.Task2.V0.Test", "Tyuiu.KlokovIA.Sprin0.Task2.V0.Test\Tyuiu.KlokovIA.Sprin0.Task2.V0.Test.csproj", "{83DEB31A-69F4-42F6-AF19-9F5CC0078BE3}"
EndProject
Project("{2150E333-8FDC-42A3-9474-1A3956D46DE8}") = "Task3", "Task3", "{B71B618F-EC51-45EF-8608-0AB1D471BF28}"
EndProject
Project("{FAE04EC0-301F-11D3-BF4B-00C04F79EFBC}") = "Tyuiu.KlokovIA.Sprint0.Task3.V0", "Tyuiu.KlokovIA.Sprint0.Task3.V0\Tyuiu.KlokovIA.Sprint0.Task3.V0.csproj", "{9B93C5F6-DF80-4697-A2C8-FBD07C1031C7}"
EndProject
Project("{FAE04EC0-301F-11D3-BF4B-00C04F79EFBC}") = "Tyuiu.KlokovIA.Sprint0.Task3.V0.Lib", "Tyuiu.KlokovIA.Sprint0.Task3.V0.Lib\Tyuiu.KlokovIA.Sprint0.Task3.V0.Lib.csproj", "{A8B88220-EC13-461A-B06E-53D527EBFBB0}"
EndProject
Project("{FAE04EC0-301F-11D3-BF4B-00C04F79EFBC}") = "Tyuiu.KlokovIA.Sprint0.Task3.V0.Test", "Tyuiu.KlokovIA.Sprint0.Task3.V0.Test\Tyuiu.KlokovIA.Sprint0.Task3.V0.Test.csproj", "{05358E9B-25CD-4FFB-8ED2-745222DFFBAF}"
EndProject
Project("{2150E333-8FDC-42A3-9474-1A3956D46DE8}") = "Task4", "Task4", "{633B3B68-EB52-447C-A9B5-FC0A921D43A1}"
EndProject
Project("{FAE04EC0-301F-11D3-BF4B-00C04F79EFBC}") = "Tyuiu.KlokovIA.Sprint0.Task4.V0", "Tyuiu.KlokovIA.Sprint0.Task4.V0\Tyuiu.KlokovIA.Sprint0.Task4.V0.csproj", "{1E4522C7-4755-48DA-BF02-1E41E913BAA6}"
EndProject
Project("{FAE04EC0-301F-11D3-BF4B-00C04F79EFBC}") = "Tyuiu.KlokovIA.Sprint0.Task4.V0.Lib", "Tyuiu.KlokovIA.Sprint0.Task4.V0.Lib\Tyuiu.KlokovIA.Sprint0.Task4.V0.Lib.csproj", "{A18FA286-79D2-4B6B-B69D-0DCFF47364BD}"
EndProject
Project("{FAE04EC0-301F-11D3-BF4B-00C04F79EFBC}") = "Tyuiu.KlokovIA.Sprint0.Task4.V0.Test", "Tyuiu.KlokovIA.Sprint0.Task4.V0.Test\Tyuiu.KlokovIA.Sprint0.Task4.V0.Test.csproj", "{F7733857-0D8D-494F-A5F2-2D3C3CE9E392}"
EndProject
Project("{2150E333-8FDC-42A3-9474-1A3956D46DE8}") = "Task5", "Task5", "{D2937889-5C74-40A0-B4E9-571D1AD14E69}"
EndProject
Project("{FAE04EC0-301F-11D3-BF4B-00C04F79EFBC}") = "Tyuiu.KlokovIA.Sptont0.Task5.V0", "Tyuiu.KlokovIA.Sptont0.Task5.V0\Tyuiu.KlokovIA.Sptont0.Task5.V0.csproj", "{C6EA6252-F407-4691-AACC-B4167FDF1DE1}"
EndProject
Project("{FAE04EC0-301F-11D3-BF4B-00C04F79EFBC}") = "Tyuiu.KlokovIA.Sptont0.Task5.V0.Lib", "Tyuiu.KlokovIA.Sptont0.Task5.V0.Lib\Tyuiu.KlokovIA.Sptont0.Task5.V0.Lib.csproj", "{575EAB02-D3B1-4A54-A228-5D666D941193}"
EndProject
Project("{FAE04EC0-301F-11D3-BF4B-00C04F79EFBC}") = "Tyuiu.KlokovIA.Sptont0.Task5.V0.Test", "Tyuiu.KlokovIA.Sptont0.Task5.V0.Test\Tyuiu.KlokovIA.Sptont0.Task5.V0.Test.csproj", "{C669AAD1-A96D-4B50-AE92-D15F9C7226D5}"
EndProject
Project("{2150E333-8FDC-42A3-9474-1A3956D46DE8}") = "Task6", "Task6", "{3FFC07BB-3A18-4AA9-877F-E44BB62E9A44}"
EndProject
Project("{FAE04EC0-301F-11D3-BF4B-00C04F79EFBC}") = "Tyuiu.KlokovIA.Sprint0.Task6.V0", "Tyuiu.KlokovIA.Sprint0.Task6.V0\Tyuiu.KlokovIA.Sprint0.Task6.V0.csproj", "{E044D14C-13BD-45A1-9C23-91E55D88665C}"
EndProject
Project("{FAE04EC0-301F-11D3-BF4B-00C04F79EFBC}") = "Tyuiu.KlokovIA.Sprint0.Task6.V0.Lib", "Tyuiu.KlokovIA.Sprint0.Task6.V0.Lib\Tyuiu.KlokovIA.Sprint0.Task6.V0.Lib.csproj", "{AECC1486-6257-4119-BF79-02504A66DF05}"
EndProject
Project("{FAE04EC0-301F-11D3-BF4B-00C04F79EFBC}") = "Tyuiu.KlokovIA.Sprint0.Task6.V0.Test", "Tyuiu.KlokovIA.Sprint0.Task6.V0.Test\Tyuiu.KlokovIA.Sprint0.Task6.V0.Test.csproj", "{F5EE457A-2365-4EA7-A524-25F9880D3631}"
EndProject
Project("{2150E333-8FDC-42A3-9474-1A3956D46DE8}") = "Task7", "Task7", "{8C26A437-B92F-4E5F-9863-AE02490B04B0}"
EndProject
Project("{FAE04EC0-301F-11D3-BF4B-00C04F79EFBC}") = "Tyuiu.KlokovIA.Sprint0.Task7.V0", "Tyuiu.KlokovIA.Sprint0.Task7.V0\Tyuiu.KlokovIA.Sprint0.Task7.V0.csproj", "{57A84AF2-33AE-4DBE-9309-8BD89576CB8D}"
EndProject
Project("{FAE04EC0-301F-11D3-BF4B-00C04F79EFBC}") = "Tyuiu.KlokovIA.Sprint0.Task7.V0.Lib", "Tyuiu.KlokovIA.Sprint0.Task7.V0.Lib\Tyuiu.KlokovIA.Sprint0.Task7.V0.Lib.csproj", "{C7EDD810-6880-48F5-A9E0-6F7B720ACE39}"
EndProject
Project("{FAE04EC0-301F-11D3-BF4B-00C04F79EFBC}") = "Tyuiu.KlokovIA.Sprint0.Task7.V0.Test", "Tyuiu.KlokovIA.Sprint0.Task7.V0.Test\Tyuiu.KlokovIA.Sprint0.Task7.V0.Test.csproj", "{0B63D452-AFB5-4B08-9B91-16EEACA64F36}"
EndProject
Global
	GlobalSection(SolutionConfigurationPlatforms) = preSolution
		Debug|Any CPU = Debug|Any CPU
		Release|Any CPU = Release|Any CPU
	EndGlobalSection
	GlobalSection(ProjectConfigurationPlatforms) = postSolution
		{B7BCEF94-BD33-480F-A79A-6B2826D6A001}.Debug|Any CPU.ActiveCfg = Debug|Any CPU
		{B7BCEF94-BD33-480F-A79A-6B2826D6A001}.Debug|Any CPU.Build.0 = Debug|Any CPU
		{B7BCEF94-BD33-480F-A79A-6B2826D6A001}.Release|Any CPU.ActiveCfg = Release|Any CPU
		{B7BCEF94-BD33-480F-A79A-6B2826D6A001}.Release|Any CPU.Build.0 = Release|Any CPU
		{5ACE5E8A-C1BB-46CF-98AB-C2A0EF084F33}.Debug|Any CPU.ActiveCfg = Debug|Any CPU
		{5ACE5E8A-C1BB-46CF-98AB-C2A0EF084F33}.Debug|Any CPU.Build.0 = Debug|Any CPU
		{5ACE5E8A-C1BB-46CF-98AB-C2A0EF084F33}.Release|Any CPU.ActiveCfg = Release|Any CPU
		{5ACE5E8A-C1BB-46CF-98AB-C2A0EF084F33}.Release|Any CPU.Build.0 = Release|Any CPU
		{69FAEB65-3DB3-4607-8FAE-641C5B60B305}.Debug|Any CPU.ActiveCfg = Debug|Any CPU
		{69FAEB65-3DB3-4607-8FAE-641C5B60B305}.Debug|Any CPU.Build.0 = Debug|Any CPU
		{69FAEB65-3DB3-4607-8FAE-641C5B60B305}.Release|Any CPU.ActiveCfg = Release|Any CPU
		{69FAEB65-3DB3-4607-8FAE-641C5B60B305}.Release|Any CPU.Build.0 = Release|Any CPU
		{7119A7E9-48FE-4CC0-B994-3124D462AA1F}.Debug|Any CPU.ActiveCfg = Debug|Any CPU
		{7119A7E9-48FE-4CC0-B994-3124D462AA1F}.Debug|Any CPU.Build.0 = Debug|Any CPU
		{7119A7E9-48FE-4CC0-B994-3124D462AA1F}.Release|Any CPU.ActiveCfg = Release|Any CPU
		{7119A7E9-48FE-4CC0-B994-3124D462AA1F}.Release|Any CPU.Build.0 = Release|Any CPU
		{83DEB31A-69F4-42F6-AF19-9F5CC0078BE3}.Debug|Any CPU.ActiveCfg = Debug|Any CPU
		{83DEB31A-69F4-42F6-AF19-9F5CC0078BE3}.Debug|Any CPU.Build.0 = Debug|Any CPU
		{83DEB31A-69F4-42F6-AF19-9F5CC0078BE3}.Release|Any CPU.ActiveCfg = Release|Any CPU
		{83DEB31A-69F4-42F6-AF19-9F5CC0078BE3}.Release|Any CPU.Build.0 = Release|Any CPU
		{9B93C5F6-DF80-4697-A2C8-FBD07C1031C7}.Debug|Any CPU.ActiveCfg = Debug|Any CPU
		{9B93C5F6-DF80-4697-A2C8-FBD07C1031C7}.Debug|Any CPU.Build.0 = Debug|Any CPU
		{9B93C5F6-DF80-4697-A2C8-FBD07C1031C7}.Release|Any CPU.ActiveCfg = Release|Any CPU
		{9B93C5F6-DF80-4697-A2C8-FBD07C1031C7}.Release|Any CPU.Build.0 = Release|Any CPU
		{A8B88220-EC13-461A-B06E-53D527EBFBB0}.Debug|Any CPU.ActiveCfg = Debug|Any CPU
		{A8B88220-EC13-461A-B06E-53D527EBFBB0}.Debug|Any CPU.Build.0 = Debug|Any CPU
		{A8B88220-EC13-461A-B06E-53D527EBFBB0}.Release|Any CPU.ActiveCfg = Release|Any CPU
		{A8B88220-EC13-461A-B06E-53D527EBFBB0}.Release|Any CPU.Build.0 = Release|Any CPU
		{05358E9B-25CD-4FFB-8ED2-745222DFFBAF}.Debug|Any CPU.ActiveCfg = Debug|Any CPU
		{05358E9B-25CD-4FFB-8ED2-745222DFFBAF}.Debug|Any CPU.Build.0 = Debug|Any CPU
		{05358E9B-25CD-4FFB-8ED2-745222DFFBAF}.Release|Any CPU.ActiveCfg = Release|Any CPU
		{05358E9B-25CD-4FFB-8ED2-745222DFFBAF}.Release|Any CPU.Build.0 = Release|Any CPU
		{1E4522C7-4755-48DA-BF02-1E41E913BAA6}.Debug|Any CPU.ActiveCfg = Debug|Any CPU
		{1E4522C7-4755-48DA-BF02-1E41E913BAA6}.Debug|Any CPU.Build.0 = Debug|Any CPU
		{1E4522C7-4755-48DA-BF02-1E41E913BAA6}.Release|Any CPU.ActiveCfg = Release|Any CPU
		{1E4522C7-4755-48DA-BF02-1E41E913BAA6}.Release|Any CPU.Build.0 = Release|Any CPU
		{A18FA286-79D2-4B6B-B69D-0DCFF47364BD}.Debug|Any CPU.ActiveCfg = Debug|Any CPU
		{A18FA286-79D2-4B6B-B69D-0DCFF47364BD}.Debug|Any CPU.Build.0 = Debug|Any CPU
		{A18FA286-79D2-4B6B-B69D-0DCFF47364BD}.Release|Any CPU.ActiveCfg = Release|Any CPU
		{A18FA286-79D2-4B6B-B69D-0DCFF47364BD}.Release|Any CPU.Build.0 = Release|Any CPU
		{F7733857-0D8D-494F-A5F2-2D3C3CE9E392}.Debug|Any CPU.ActiveCfg = Debug|Any CPU
		{F7733857-0D8D-494F-A5F2-2D3C3CE9E392}.Debug|Any CPU.Build.0 = Debug|Any CPU
		{F7733857-0D8D-494F-A5F2-2D3C3CE9E392}.Release|Any CPU.ActiveCfg = Release|Any CPU
		{F7733857-0D8D-494F-A5F2-2D3C3CE9E392}.Release|Any CPU.Build.0 = Release|Any CPU
		{C6EA6252-F407-4691-AACC-B4167FDF1DE1}.Debug|Any CPU.ActiveCfg = Debug|Any CPU
		{C6EA6252-F407-4691-AACC-B4167FDF1DE1}.Debug|Any CPU.Build.0 = Debug|Any CPU
		{C6EA6252-F407-4691-AACC-B4167FDF1DE1}.Release|Any CPU.ActiveCfg = Release|Any CPU
		{C6EA6252-F407-4691-AACC-B4167FDF1DE1}.Release|Any CPU.Build.0 = Release|Any CPU
		{575EAB02-D3B1-4A54-A228-5D666D941193}.Debug|Any CPU.ActiveCfg = Debug|Any CPU
		{575EAB02-D3B1-4A54-A228-5D666D941193}.Debug|Any CPU.Build.0 = Debug|Any CPU
		{575EAB02-D3B1-4A54-A228-5D666D941193}.Release|Any CPU.ActiveCfg = Release|Any CPU
		{575EAB02-D3B1-4A54-A228-5D666D941193}.Release|Any CPU.Build.0 = Release|Any CPU
		{C669AAD1-A96D-4B50-AE92-D15F9C7226D5}.Debug|Any CPU.ActiveCfg = Debug|Any CPU
		{C669AAD1-A96D-4B50-AE92-D15F9C7226D5}.Debug|Any CPU.Build.0 = Debug|Any CPU
		{C669AAD1-A96D-4B50-AE92-D15F9C7226D5}.Release|Any CPU.ActiveCfg = Release|Any CPU
		{C669AAD1-A96D-4B50-AE92-D15F9C7226D5}.Release|Any CPU.Build.0 = Release|Any CPU
		{E044D14C-13BD-45A1-9C23-91E55D88665C}.Debug|Any CPU.ActiveCfg = Debug|Any CPU
		{E044D14C-13BD-45A1-9C23-91E55D88665C}.Debug|Any CPU.Build.0 = Debug|Any CPU
		{E044D14C-13BD-45A1-9C23-91E55D88665C}.Release|Any CPU.ActiveCfg = Release|Any CPU
		{E044D14C-13BD-45A1-9C23-91E55D88665C}.Release|Any CPU.Build.0 = Release|Any CPU
		{AECC1486-6257-4119-BF79-02504A66DF05}.Debug|Any CPU.ActiveCfg = Debug|Any CPU
		{AECC1486-6257-4119-BF79-02504A66DF05}.Debug|Any CPU.Build.0 = Debug|Any CPU
		{AECC1486-6257-4119-BF79-02504A66DF05}.Release|Any CPU.ActiveCfg = Release|Any CPU
		{AECC1486-6257-4119-BF79-02504A66DF05}.Release|Any CPU.Build.0 = Release|Any CPU
		{F5EE457A-2365-4EA7-A524-25F9880D3631}.Debug|Any CPU.ActiveCfg = Debug|Any CPU
		{F5EE457A-2365-4EA7-A524-25F9880D3631}.Debug|Any CPU.Build.0 = Debug|Any CPU
		{F5EE457A-2365-4EA7-A524-25F9880D3631}.Release|Any CPU.ActiveCfg = Release|Any CPU
		{F5EE457A-2365-4EA7-A524-25F9880D3631}.Release|Any CPU.Build.0 = Release|Any CPU
		{57A84AF2-33AE-4DBE-9309-8BD89576CB8D}.Debug|Any CPU.ActiveCfg = Debug|Any CPU
		{57A84AF2-33AE-4DBE-9309-8BD89576CB8D}.Debug|Any CPU.Build.0 = Debug|Any CPU
		{57A84AF2-33AE-4DBE-9309-8BD89576CB8D}.Release|Any CPU.ActiveCfg = Release|Any CPU
		{57A84AF2-33AE-4DBE-9309-8BD89576CB8D}.Release|Any CPU.Build.0 = Release|Any CPU
		{C7EDD810-6880-48F5-A9E0-6F7B720ACE39}.Debug|Any CPU.ActiveCfg = Debug|Any CPU
		{C7EDD810-6880-48F5-A9E0-6F7B720ACE39}.Debug|Any CPU.Build.0 = Debug|Any CPU
		{C7EDD810-6880-48F5-A9E0-6F7B720ACE39}.Release|Any CPU.ActiveCfg = Release|Any CPU
		{C7EDD810-6880-48F5-A9E0-6F7B720ACE39}.Release|Any CPU.Build.0 = Release|Any CPU
		{0B63D452-AFB5-4B08-9B91-16EEACA64F36}.Debug|Any CPU.ActiveCfg = Debug|Any CPU
		{0B63D452-AFB5-4B08-9B91-16EEACA64F36}.Debug|Any CPU.Build.0 = Debug|Any CPU
		{0B63D452-AFB5-4B08-9B91-16EEACA64F36}.Release|Any CPU.ActiveCfg = Release|Any CPU
		{0B63D452-AFB5-4B08-9B91-16EEACA64F36}.Release|Any CPU.Build.0 = Release|Any CPU
	EndGlobalSection
	GlobalSection(SolutionProperties) = preSolution
		HideSolutionNode = FALSE
	EndGlobalSection
	GlobalSection(NestedProjects) = preSolution
		{B7BCEF94-BD33-480F-A79A-6B2826D6A001} = {21551E73-12CB-4A4C-BFC8-C847B5BA2989}
		{5ACE5E8A-C1BB-46CF-98AB-C2A0EF084F33} = {74FBB9E2-3A5E-4417-9760-CAAFCF3711E1}
		{69FAEB65-3DB3-4607-8FAE-641C5B60B305} = {2D920E6C-469A-4E9B-B028-8BA9A3E21891}
		{7119A7E9-48FE-4CC0-B994-3124D462AA1F} = {2D920E6C-469A-4E9B-B028-8BA9A3E21891}
		{83DEB31A-69F4-42F6-AF19-9F5CC0078BE3} = {2D920E6C-469A-4E9B-B028-8BA9A3E21891}
		{9B93C5F6-DF80-4697-A2C8-FBD07C1031C7} = {B71B618F-EC51-45EF-8608-0AB1D471BF28}
		{A8B88220-EC13-461A-B06E-53D527EBFBB0} = {B71B618F-EC51-45EF-8608-0AB1D471BF28}
		{05358E9B-25CD-4FFB-8ED2-745222DFFBAF} = {B71B618F-EC51-45EF-8608-0AB1D471BF28}
		{1E4522C7-4755-48DA-BF02-1E41E913BAA6} = {633B3B68-EB52-447C-A9B5-FC0A921D43A1}
		{A18FA286-79D2-4B6B-B69D-0DCFF47364BD} = {633B3B68-EB52-447C-A9B5-FC0A921D43A1}
		{F7733857-0D8D-494F-A5F2-2D3C3CE9E392} = {633B3B68-EB52-447C-A9B5-FC0A921D43A1}
		{C6EA6252-F407-4691-AACC-B4167FDF1DE1} = {D2937889-5C74-40A0-B4E9-571D1AD14E69}
		{575EAB02-D3B1-4A54-A228-5D666D941193} = {D2937889-5C74-40A0-B4E9-571D1AD14E69}
		{C669AAD1-A96D-4B50-AE92-D15F9C7226D5} = {D2937889-5C74-40A0-B4E9-571D1AD14E69}
		{E044D14C-13BD-45A1-9C23-91E55D88665C} = {3FFC07BB-3A18-4AA9-877F-E44BB62E9A44}
		{AECC1486-6257-4119-BF79-02504A66DF05} = {3FFC07BB-3A18-4AA9-877F-E44BB62E9A44}
		{F5EE457A-2365-4EA7-A524-25F9880D3631} = {3FFC07BB-3A18-4AA9-877F-E44BB62E9A44}
		{57A84AF2-33AE-4DBE-9309-8BD89576CB8D} = {8C26A437-B92F-4E5F-9863-AE02490B04B0}
		{C7EDD810-6880-48F5-A9E0-6F7B720ACE39} = {8C26A437-B92F-4E5F-9863-AE02490B04B0}
		{0B63D452-AFB5-4B08-9B91-16EEACA64F36} = {8C26A437-B92F-4E5F-9863-AE02490B04B0}
	EndGlobalSection
	GlobalSection(ExtensibilityGlobals) = postSolution
		SolutionGuid = {66F365AD-56F2-4C65-8BF6-2A175D212B57}
	EndGlobalSection
EndGlobal
